// !$*UTF8*$!
{
	archiveVersion = 1;
	classes = {
	};
	objectVersion = 46;
	objects = {

/* Begin PBXBuildFile section */
		F1023E6E1C3AAA3C004BE13F /* TipFirstViewController.swift in Sources */ = {isa = PBXBuildFile; fileRef = F1023E6D1C3AAA3C004BE13F /* TipFirstViewController.swift */; };
		F1023E701C3AAA77004BE13F /* TipCenterView.swift in Sources */ = {isa = PBXBuildFile; fileRef = F1023E6F1C3AAA77004BE13F /* TipCenterView.swift */; };
		F1023E721C3AAA83004BE13F /* TipCenterView.xib in Resources */ = {isa = PBXBuildFile; fileRef = F1023E711C3AAA83004BE13F /* TipCenterView.xib */; };
		F1023E741C3AABFC004BE13F /* TipModel.swift in Sources */ = {isa = PBXBuildFile; fileRef = F1023E731C3AABFC004BE13F /* TipModel.swift */; };
		F1023E761C3AAFE7004BE13F /* TipSecondController.swift in Sources */ = {isa = PBXBuildFile; fileRef = F1023E751C3AAFE7004BE13F /* TipSecondController.swift */; };
		F102DD431C299025005CA9D4 /* AppDelegate.swift in Sources */ = {isa = PBXBuildFile; fileRef = F102DD421C299025005CA9D4 /* AppDelegate.swift */; };
		F102DD451C299025005CA9D4 /* ViewController.swift in Sources */ = {isa = PBXBuildFile; fileRef = F102DD441C299025005CA9D4 /* ViewController.swift */; };
		F102DD4A1C299025005CA9D4 /* Assets.xcassets in Resources */ = {isa = PBXBuildFile; fileRef = F102DD491C299025005CA9D4 /* Assets.xcassets */; };
		F102DD4D1C299025005CA9D4 /* LaunchScreen.storyboard in Resources */ = {isa = PBXBuildFile; fileRef = F102DD4B1C299025005CA9D4 /* LaunchScreen.storyboard */; };
		F102DD581C2997EF005CA9D4 /* UIImage+Extension.swift in Sources */ = {isa = PBXBuildFile; fileRef = F102DD571C2997EF005CA9D4 /* UIImage+Extension.swift */; };
		F102DD5E1C299BF2005CA9D4 /* AppConfig.swift in Sources */ = {isa = PBXBuildFile; fileRef = F102DD5D1C299BF2005CA9D4 /* AppConfig.swift */; };
		F12415A21C47783800008445 /* PingFirstController.swift in Sources */ = {isa = PBXBuildFile; fileRef = F12415A11C47783800008445 /* PingFirstController.swift */; };
		F13A10281C57B4C900E8CE67 /* RoomsViewController.swift in Sources */ = {isa = PBXBuildFile; fileRef = F13A10271C57B4C900E8CE67 /* RoomsViewController.swift */; };
		F13A102A1C57B58A00E8CE67 /* RoomCell.swift in Sources */ = {isa = PBXBuildFile; fileRef = F13A10291C57B58A00E8CE67 /* RoomCell.swift */; };
		F13A17091CCF9F6A0014F795 /* JSFirstViewController.swift in Sources */ = {isa = PBXBuildFile; fileRef = F13A17081CCF9F6A0014F795 /* JSFirstViewController.swift */; };
		F13A170B1CCFA0040014F795 /* JSSecondViewController.swift in Sources */ = {isa = PBXBuildFile; fileRef = F13A170A1CCFA0040014F795 /* JSSecondViewController.swift */; };
		F13A170D1CCFA39C0014F795 /* JSTransition.swift in Sources */ = {isa = PBXBuildFile; fileRef = F13A170C1CCFA39C0014F795 /* JSTransition.swift */; };
		F13C4A631C2D810900F365D1 /* LoginLoadLayer.swift in Sources */ = {isa = PBXBuildFile; fileRef = F13C4A621C2D810900F365D1 /* LoginLoadLayer.swift */; };
		F13C4A651C2D819600F365D1 /* UIView+XM.swift in Sources */ = {isa = PBXBuildFile; fileRef = F13C4A641C2D819600F365D1 /* UIView+XM.swift */; };
		F14C66881C4D273200342D77 /* PingSecondContentView.swift in Sources */ = {isa = PBXBuildFile; fileRef = F14C66871C4D273200342D77 /* PingSecondContentView.swift */; };
		F14C668A1C4D278A00342D77 /* PingSecondContentView.xib in Resources */ = {isa = PBXBuildFile; fileRef = F14C66891C4D278A00342D77 /* PingSecondContentView.xib */; };
		F14C668C1C4D369000342D77 /* PingTransition.swift in Sources */ = {isa = PBXBuildFile; fileRef = F14C668B1C4D369000342D77 /* PingTransition.swift */; };
		F14CC25E1D376A5300C50107 /* ActivityIndicatorView.swift in Sources */ = {isa = PBXBuildFile; fileRef = F14CC25D1D376A5300C50107 /* ActivityIndicatorView.swift */; };
		F14CC2601D376A7D00C50107 /* MusicIndicatorViewController.swift in Sources */ = {isa = PBXBuildFile; fileRef = F14CC25F1D376A7D00C50107 /* MusicIndicatorViewController.swift */; };
		F17088311C2D8EE400E91EB0 /* LoginViewController.swift in Sources */ = {isa = PBXBuildFile; fileRef = F17088301C2D8EE400E91EB0 /* LoginViewController.swift */; };
		F17088331C2D8FED00E91EB0 /* LoginButton.swift in Sources */ = {isa = PBXBuildFile; fileRef = F17088321C2D8FED00E91EB0 /* LoginButton.swift */; };
		F17088351C2DAF9C00E91EB0 /* LoginSuccessController.swift in Sources */ = {isa = PBXBuildFile; fileRef = F17088341C2DAF9C00E91EB0 /* LoginSuccessController.swift */; };
		F17B52771C3188EE0010C142 /* LoginTransitions.swift in Sources */ = {isa = PBXBuildFile; fileRef = F17B52761C3188EE0010C142 /* LoginTransitions.swift */; };
		F19BE5821CF72362007CC46D /* ProgressView.swift in Sources */ = {isa = PBXBuildFile; fileRef = F19BE5811CF72362007CC46D /* ProgressView.swift */; };
		F19BE5841CF72CE4007CC46D /* ProgressAnimationController.swift in Sources */ = {isa = PBXBuildFile; fileRef = F19BE5831CF72CE4007CC46D /* ProgressAnimationController.swift */; };
		F19BE5861CF72E4E007CC46D /* ProgressView.xib in Resources */ = {isa = PBXBuildFile; fileRef = F19BE5851CF72E4E007CC46D /* ProgressView.xib */; };
		F1AE07D51C4B90C50004FA80 /* PingFirstContentView.xib in Resources */ = {isa = PBXBuildFile; fileRef = F1AE07D41C4B90C50004FA80 /* PingFirstContentView.xib */; };
		F1AE07D71C4BA5F90004FA80 /* PingFirstContentView.swift in Sources */ = {isa = PBXBuildFile; fileRef = F1AE07D61C4BA5F90004FA80 /* PingFirstContentView.swift */; };
		F1AE07D91C4BDABC0004FA80 /* PingItemModel.swift in Sources */ = {isa = PBXBuildFile; fileRef = F1AE07D81C4BDABC0004FA80 /* PingItemModel.swift */; };
		F1CB63031CC4C3500007D45C /* SlidingPanels.xcassets in Resources */ = {isa = PBXBuildFile; fileRef = F1CB63021CC4C3500007D45C /* SlidingPanels.xcassets */; };
		F1CB63051CC4C8B60007D45C /* RoomTransition.swift in Sources */ = {isa = PBXBuildFile; fileRef = F1CB63041CC4C8B60007D45C /* RoomTransition.swift */; };
		F1CB63071CC4CD6B0007D45C /* Room.swift in Sources */ = {isa = PBXBuildFile; fileRef = F1CB63061CC4CD6B0007D45C /* Room.swift */; };
		F1DA35651C47880B00051646 /* PingSecondController.swift in Sources */ = {isa = PBXBuildFile; fileRef = F1DA35641C47880B00051646 /* PingSecondController.swift */; };
		F1EEB87D1C2AFDE100A1DB27 /* SpringAnimationViewController.swift in Sources */ = {isa = PBXBuildFile; fileRef = F1EEB8791C2AFDE100A1DB27 /* SpringAnimationViewController.swift */; };
		F1EEB87E1C2AFDE100A1DB27 /* EmitterViewController.swift in Sources */ = {isa = PBXBuildFile; fileRef = F1EEB87B1C2AFDE100A1DB27 /* EmitterViewController.swift */; };
		F1EEB8801C2AFE0E00A1DB27 /* SplashAnimiationController.swift in Sources */ = {isa = PBXBuildFile; fileRef = F1EEB87F1C2AFE0E00A1DB27 /* SplashAnimiationController.swift */; };
		F1F997CF1C5A58260071023F /* RoomsDetailController.swift in Sources */ = {isa = PBXBuildFile; fileRef = F1F997CE1C5A58260071023F /* RoomsDetailController.swift */; };
		F1F997D11C5A58480071023F /* RoomsDetailView.swift in Sources */ = {isa = PBXBuildFile; fileRef = F1F997D01C5A58470071023F /* RoomsDetailView.swift */; };
/* End PBXBuildFile section */

/* Begin PBXFileReference section */
		F1023E6D1C3AAA3C004BE13F /* TipFirstViewController.swift */ = {isa = PBXFileReference; fileEncoding = 4; lastKnownFileType = sourcecode.swift; path = TipFirstViewController.swift; sourceTree = "<group>"; };
		F1023E6F1C3AAA77004BE13F /* TipCenterView.swift */ = {isa = PBXFileReference; fileEncoding = 4; lastKnownFileType = sourcecode.swift; path = TipCenterView.swift; sourceTree = "<group>"; };
		F1023E711C3AAA83004BE13F /* TipCenterView.xib */ = {isa = PBXFileReference; fileEncoding = 4; lastKnownFileType = file.xib; path = TipCenterView.xib; sourceTree = "<group>"; };
		F1023E731C3AABFC004BE13F /* TipModel.swift */ = {isa = PBXFileReference; fileEncoding = 4; lastKnownFileType = sourcecode.swift; path = TipModel.swift; sourceTree = "<group>"; };
		F1023E751C3AAFE7004BE13F /* TipSecondController.swift */ = {isa = PBXFileReference; fileEncoding = 4; lastKnownFileType = sourcecode.swift; path = TipSecondController.swift; sourceTree = "<group>"; };
		F102DD3F1C299025005CA9D4 /* iOS-Animation学习笔记.app */ = {isa = PBXFileReference; explicitFileType = wrapper.application; includeInIndex = 0; path = "iOS-Animation学习笔记.app"; sourceTree = BUILT_PRODUCTS_DIR; };
		F102DD421C299025005CA9D4 /* AppDelegate.swift */ = {isa = PBXFileReference; lastKnownFileType = sourcecode.swift; path = AppDelegate.swift; sourceTree = "<group>"; };
		F102DD441C299025005CA9D4 /* ViewController.swift */ = {isa = PBXFileReference; lastKnownFileType = sourcecode.swift; path = ViewController.swift; sourceTree = "<group>"; };
		F102DD491C299025005CA9D4 /* Assets.xcassets */ = {isa = PBXFileReference; lastKnownFileType = folder.assetcatalog; path = Assets.xcassets; sourceTree = "<group>"; };
		F102DD4C1C299025005CA9D4 /* Base */ = {isa = PBXFileReference; lastKnownFileType = file.storyboard; name = Base; path = Base.lproj/LaunchScreen.storyboard; sourceTree = "<group>"; };
		F102DD4E1C299025005CA9D4 /* Info.plist */ = {isa = PBXFileReference; lastKnownFileType = text.plist.xml; path = Info.plist; sourceTree = "<group>"; };
		F102DD571C2997EF005CA9D4 /* UIImage+Extension.swift */ = {isa = PBXFileReference; fileEncoding = 4; lastKnownFileType = sourcecode.swift; path = "UIImage+Extension.swift"; sourceTree = "<group>"; };
		F102DD5D1C299BF2005CA9D4 /* AppConfig.swift */ = {isa = PBXFileReference; fileEncoding = 4; lastKnownFileType = sourcecode.swift; path = AppConfig.swift; sourceTree = "<group>"; };
		F12415A11C47783800008445 /* PingFirstController.swift */ = {isa = PBXFileReference; fileEncoding = 4; lastKnownFileType = sourcecode.swift; path = PingFirstController.swift; sourceTree = "<group>"; };
		F13A10271C57B4C900E8CE67 /* RoomsViewController.swift */ = {isa = PBXFileReference; fileEncoding = 4; lastKnownFileType = sourcecode.swift; path = RoomsViewController.swift; sourceTree = "<group>"; };
		F13A10291C57B58A00E8CE67 /* RoomCell.swift */ = {isa = PBXFileReference; fileEncoding = 4; lastKnownFileType = sourcecode.swift; path = RoomCell.swift; sourceTree = "<group>"; };
		F13A17081CCF9F6A0014F795 /* JSFirstViewController.swift */ = {isa = PBXFileReference; fileEncoding = 4; lastKnownFileType = sourcecode.swift; path = JSFirstViewController.swift; sourceTree = "<group>"; };
		F13A170A1CCFA0040014F795 /* JSSecondViewController.swift */ = {isa = PBXFileReference; fileEncoding = 4; lastKnownFileType = sourcecode.swift; path = JSSecondViewController.swift; sourceTree = "<group>"; };
		F13A170C1CCFA39C0014F795 /* JSTransition.swift */ = {isa = PBXFileReference; fileEncoding = 4; lastKnownFileType = sourcecode.swift; path = JSTransition.swift; sourceTree = "<group>"; };
		F13C4A621C2D810900F365D1 /* LoginLoadLayer.swift */ = {isa = PBXFileReference; fileEncoding = 4; lastKnownFileType = sourcecode.swift; path = LoginLoadLayer.swift; sourceTree = "<group>"; };
		F13C4A641C2D819600F365D1 /* UIView+XM.swift */ = {isa = PBXFileReference; fileEncoding = 4; lastKnownFileType = sourcecode.swift; path = "UIView+XM.swift"; sourceTree = "<group>"; };
		F14C66871C4D273200342D77 /* PingSecondContentView.swift */ = {isa = PBXFileReference; fileEncoding = 4; lastKnownFileType = sourcecode.swift; path = PingSecondContentView.swift; sourceTree = "<group>"; };
		F14C66891C4D278A00342D77 /* PingSecondContentView.xib */ = {isa = PBXFileReference; fileEncoding = 4; lastKnownFileType = file.xib; path = PingSecondContentView.xib; sourceTree = "<group>"; };
		F14C668B1C4D369000342D77 /* PingTransition.swift */ = {isa = PBXFileReference; fileEncoding = 4; lastKnownFileType = sourcecode.swift; path = PingTransition.swift; sourceTree = "<group>"; };
		F14CC25D1D376A5300C50107 /* ActivityIndicatorView.swift */ = {isa = PBXFileReference; fileEncoding = 4; lastKnownFileType = sourcecode.swift; path = ActivityIndicatorView.swift; sourceTree = "<group>"; };
		F14CC25F1D376A7D00C50107 /* MusicIndicatorViewController.swift */ = {isa = PBXFileReference; fileEncoding = 4; lastKnownFileType = sourcecode.swift; path = MusicIndicatorViewController.swift; sourceTree = "<group>"; };
		F17088301C2D8EE400E91EB0 /* LoginViewController.swift */ = {isa = PBXFileReference; fileEncoding = 4; lastKnownFileType = sourcecode.swift; path = LoginViewController.swift; sourceTree = "<group>"; };
		F17088321C2D8FED00E91EB0 /* LoginButton.swift */ = {isa = PBXFileReference; fileEncoding = 4; lastKnownFileType = sourcecode.swift; path = LoginButton.swift; sourceTree = "<group>"; };
		F17088341C2DAF9C00E91EB0 /* LoginSuccessController.swift */ = {isa = PBXFileReference; fileEncoding = 4; lastKnownFileType = sourcecode.swift; path = LoginSuccessController.swift; sourceTree = "<group>"; };
		F17B52761C3188EE0010C142 /* LoginTransitions.swift */ = {isa = PBXFileReference; fileEncoding = 4; lastKnownFileType = sourcecode.swift; path = LoginTransitions.swift; sourceTree = "<group>"; };
		F19BE5811CF72362007CC46D /* ProgressView.swift */ = {isa = PBXFileReference; fileEncoding = 4; lastKnownFileType = sourcecode.swift; path = ProgressView.swift; sourceTree = "<group>"; };
		F19BE5831CF72CE4007CC46D /* ProgressAnimationController.swift */ = {isa = PBXFileReference; fileEncoding = 4; lastKnownFileType = sourcecode.swift; path = ProgressAnimationController.swift; sourceTree = "<group>"; };
		F19BE5851CF72E4E007CC46D /* ProgressView.xib */ = {isa = PBXFileReference; fileEncoding = 4; lastKnownFileType = file.xib; path = ProgressView.xib; sourceTree = "<group>"; };
		F1AE07D41C4B90C50004FA80 /* PingFirstContentView.xib */ = {isa = PBXFileReference; fileEncoding = 4; lastKnownFileType = file.xib; path = PingFirstContentView.xib; sourceTree = "<group>"; };
		F1AE07D61C4BA5F90004FA80 /* PingFirstContentView.swift */ = {isa = PBXFileReference; fileEncoding = 4; lastKnownFileType = sourcecode.swift; path = PingFirstContentView.swift; sourceTree = "<group>"; };
		F1AE07D81C4BDABC0004FA80 /* PingItemModel.swift */ = {isa = PBXFileReference; fileEncoding = 4; lastKnownFileType = sourcecode.swift; path = PingItemModel.swift; sourceTree = "<group>"; };
		F1CB63021CC4C3500007D45C /* SlidingPanels.xcassets */ = {isa = PBXFileReference; lastKnownFileType = folder.assetcatalog; path = SlidingPanels.xcassets; sourceTree = "<group>"; };
		F1CB63041CC4C8B60007D45C /* RoomTransition.swift */ = {isa = PBXFileReference; fileEncoding = 4; lastKnownFileType = sourcecode.swift; path = RoomTransition.swift; sourceTree = "<group>"; };
		F1CB63061CC4CD6B0007D45C /* Room.swift */ = {isa = PBXFileReference; fileEncoding = 4; lastKnownFileType = sourcecode.swift; path = Room.swift; sourceTree = "<group>"; };
		F1DA35641C47880B00051646 /* PingSecondController.swift */ = {isa = PBXFileReference; fileEncoding = 4; lastKnownFileType = sourcecode.swift; path = PingSecondController.swift; sourceTree = "<group>"; };
		F1EEB8791C2AFDE100A1DB27 /* SpringAnimationViewController.swift */ = {isa = PBXFileReference; fileEncoding = 4; lastKnownFileType = sourcecode.swift; path = SpringAnimationViewController.swift; sourceTree = "<group>"; };
		F1EEB87B1C2AFDE100A1DB27 /* EmitterViewController.swift */ = {isa = PBXFileReference; fileEncoding = 4; lastKnownFileType = sourcecode.swift; path = EmitterViewController.swift; sourceTree = "<group>"; };
		F1EEB87F1C2AFE0E00A1DB27 /* SplashAnimiationController.swift */ = {isa = PBXFileReference; fileEncoding = 4; lastKnownFileType = sourcecode.swift; path = SplashAnimiationController.swift; sourceTree = "<group>"; };
		F1F997CE1C5A58260071023F /* RoomsDetailController.swift */ = {isa = PBXFileReference; fileEncoding = 4; lastKnownFileType = sourcecode.swift; path = RoomsDetailController.swift; sourceTree = "<group>"; };
		F1F997D01C5A58470071023F /* RoomsDetailView.swift */ = {isa = PBXFileReference; fileEncoding = 4; lastKnownFileType = sourcecode.swift; path = RoomsDetailView.swift; sourceTree = "<group>"; };
/* End PBXFileReference section */

/* Begin PBXFrameworksBuildPhase section */
		F102DD3C1C299025005CA9D4 /* Frameworks */ = {
			isa = PBXFrameworksBuildPhase;
			buildActionMask = 2147483647;
			files = (
			);
			runOnlyForDeploymentPostprocessing = 0;
		};
/* End PBXFrameworksBuildPhase section */

/* Begin PBXGroup section */
		F1023E6C1C3AA934004BE13F /* 引导页卡片Demo */ = {
			isa = PBXGroup;
			children = (
				F1023E6D1C3AAA3C004BE13F /* TipFirstViewController.swift */,
				F1023E751C3AAFE7004BE13F /* TipSecondController.swift */,
				F1023E711C3AAA83004BE13F /* TipCenterView.xib */,
				F1023E6F1C3AAA77004BE13F /* TipCenterView.swift */,
				F1023E731C3AABFC004BE13F /* TipModel.swift */,
			);
			path = "引导页卡片Demo";
			sourceTree = "<group>";
		};
		F102DD361C299025005CA9D4 = {
			isa = PBXGroup;
			children = (
				F102DD411C299025005CA9D4 /* iOS-Animation学习笔记 */,
				F102DD401C299025005CA9D4 /* Products */,
			);
			sourceTree = "<group>";
		};
		F102DD401C299025005CA9D4 /* Products */ = {
			isa = PBXGroup;
			children = (
				F102DD3F1C299025005CA9D4 /* iOS-Animation学习笔记.app */,
			);
			name = Products;
			sourceTree = "<group>";
		};
		F102DD411C299025005CA9D4 /* iOS-Animation学习笔记 */ = {
			isa = PBXGroup;
			children = (
				F18814E51C3BFF5B00BDFDB3 /* 扩大背景转场动画 */,
				F1023E6C1C3AA934004BE13F /* 引导页卡片Demo */,
				F157EFD31C2C49C600496D93 /* 登录动画Demo */,
				F1EEB8781C2AFDE100A1DB27 /* 弹簧效果Demo */,
				F1EEB87A1C2AFDE100A1DB27 /* 雪花飘散Demo */,
				F1EEB87C1C2AFDE100A1DB27 /* Twitter启动Demo */,
				F13A10261C57B49F00E8CE67 /* SlidingPanels */,
				F13A17071CCF9F480014F795 /* 简书转场动画 */,
				F19BE5801CF7229A007CC46D /* 加载进度条 */,
				F1CCA1A61CF034C7008921A4 /* Trainer */,
				F14CC25C1D376A5300C50107 /* ActivityIndicatorView */,
				F102DD561C2997E4005CA9D4 /* Extension */,
				F102DD421C299025005CA9D4 /* AppDelegate.swift */,
				F102DD441C299025005CA9D4 /* ViewController.swift */,
				F102DD5D1C299BF2005CA9D4 /* AppConfig.swift */,
				F102DD491C299025005CA9D4 /* Assets.xcassets */,
				F102DD4B1C299025005CA9D4 /* LaunchScreen.storyboard */,
				F102DD4E1C299025005CA9D4 /* Info.plist */,
			);
			path = "iOS-Animation学习笔记";
			sourceTree = "<group>";
		};
		F102DD561C2997E4005CA9D4 /* Extension */ = {
			isa = PBXGroup;
			children = (
				F102DD571C2997EF005CA9D4 /* UIImage+Extension.swift */,
				F13C4A641C2D819600F365D1 /* UIView+XM.swift */,
			);
			path = Extension;
			sourceTree = "<group>";
		};
		F13A10261C57B49F00E8CE67 /* SlidingPanels */ = {
			isa = PBXGroup;
			children = (
				F1CB63021CC4C3500007D45C /* SlidingPanels.xcassets */,
				F13A10271C57B4C900E8CE67 /* RoomsViewController.swift */,
				F1CB63061CC4CD6B0007D45C /* Room.swift */,
				F13A10291C57B58A00E8CE67 /* RoomCell.swift */,
				F1F997CE1C5A58260071023F /* RoomsDetailController.swift */,
				F1F997D01C5A58470071023F /* RoomsDetailView.swift */,
				F1CB63041CC4C8B60007D45C /* RoomTransition.swift */,
			);
			path = SlidingPanels;
			sourceTree = "<group>";
		};
		F13A17071CCF9F480014F795 /* 简书转场动画 */ = {
			isa = PBXGroup;
			children = (
				F13A17081CCF9F6A0014F795 /* JSFirstViewController.swift */,
				F13A170A1CCFA0040014F795 /* JSSecondViewController.swift */,
				F13A170C1CCFA39C0014F795 /* JSTransition.swift */,
			);
			path = "简书转场动画";
			sourceTree = "<group>";
		};
		F14CC25C1D376A5300C50107 /* ActivityIndicatorView */ = {
			isa = PBXGroup;
			children = (
				F14CC25D1D376A5300C50107 /* ActivityIndicatorView.swift */,
				F14CC25F1D376A7D00C50107 /* MusicIndicatorViewController.swift */,
			);
			path = ActivityIndicatorView;
			sourceTree = "<group>";
		};
		F157EFD31C2C49C600496D93 /* 登录动画Demo */ = {
			isa = PBXGroup;
			children = (
				F13C4A621C2D810900F365D1 /* LoginLoadLayer.swift */,
				F17088321C2D8FED00E91EB0 /* LoginButton.swift */,
				F17B52761C3188EE0010C142 /* LoginTransitions.swift */,
				F17088301C2D8EE400E91EB0 /* LoginViewController.swift */,
				F17088341C2DAF9C00E91EB0 /* LoginSuccessController.swift */,
			);
			path = "登录动画Demo";
			sourceTree = "<group>";
		};
		F18814E51C3BFF5B00BDFDB3 /* 扩大背景转场动画 */ = {
			isa = PBXGroup;
			children = (
				F1AE07D41C4B90C50004FA80 /* PingFirstContentView.xib */,
				F1AE07D61C4BA5F90004FA80 /* PingFirstContentView.swift */,
				F12415A11C47783800008445 /* PingFirstController.swift */,
				F14C66891C4D278A00342D77 /* PingSecondContentView.xib */,
				F14C66871C4D273200342D77 /* PingSecondContentView.swift */,
				F1DA35641C47880B00051646 /* PingSecondController.swift */,
				F1AE07D81C4BDABC0004FA80 /* PingItemModel.swift */,
				F14C668B1C4D369000342D77 /* PingTransition.swift */,
			);
			path = "扩大背景转场动画";
			sourceTree = "<group>";
		};
		F19BE5801CF7229A007CC46D /* 加载进度条 */ = {
			isa = PBXGroup;
			children = (
				F19BE5851CF72E4E007CC46D /* ProgressView.xib */,
				F19BE5811CF72362007CC46D /* ProgressView.swift */,
				F19BE5831CF72CE4007CC46D /* ProgressAnimationController.swift */,
			);
			path = "加载进度条";
			sourceTree = "<group>";
		};
		F1CCA1A61CF034C7008921A4 /* Trainer */ = {
			isa = PBXGroup;
			children = (
			);
			path = Trainer;
			sourceTree = "<group>";
		};
		F1EEB8781C2AFDE100A1DB27 /* 弹簧效果Demo */ = {
			isa = PBXGroup;
			children = (
				F1EEB8791C2AFDE100A1DB27 /* SpringAnimationViewController.swift */,
			);
			path = "弹簧效果Demo";
			sourceTree = "<group>";
		};
		F1EEB87A1C2AFDE100A1DB27 /* 雪花飘散Demo */ = {
			isa = PBXGroup;
			children = (
				F1EEB87B1C2AFDE100A1DB27 /* EmitterViewController.swift */,
			);
			path = "雪花飘散Demo";
			sourceTree = "<group>";
		};
		F1EEB87C1C2AFDE100A1DB27 /* Twitter启动Demo */ = {
			isa = PBXGroup;
			children = (
				F1EEB87F1C2AFE0E00A1DB27 /* SplashAnimiationController.swift */,
			);
			path = "Twitter启动Demo";
			sourceTree = "<group>";
		};
/* End PBXGroup section */

/* Begin PBXNativeTarget section */
		F102DD3E1C299025005CA9D4 /* iOS-Animation学习笔记 */ = {
			isa = PBXNativeTarget;
			buildConfigurationList = F102DD511C299025005CA9D4 /* Build configuration list for PBXNativeTarget "iOS-Animation学习笔记" */;
			buildPhases = (
				F102DD3B1C299025005CA9D4 /* Sources */,
				F102DD3C1C299025005CA9D4 /* Frameworks */,
				F102DD3D1C299025005CA9D4 /* Resources */,
			);
			buildRules = (
			);
			dependencies = (
			);
			name = "iOS-Animation学习笔记";
			productName = "iOS-Animation学习笔记";
			productReference = F102DD3F1C299025005CA9D4 /* iOS-Animation学习笔记.app */;
			productType = "com.apple.product-type.application";
		};
/* End PBXNativeTarget section */

/* Begin PBXProject section */
		F102DD371C299025005CA9D4 /* Project object */ = {
			isa = PBXProject;
			attributes = {
				LastSwiftUpdateCheck = 0720;
				LastUpgradeCheck = 0720;
				ORGANIZATIONNAME = xiaoming;
				TargetAttributes = {
					F102DD3E1C299025005CA9D4 = {
						CreatedOnToolsVersion = 7.2;
						DevelopmentTeam = 5N8LXT5RPD;
					};
				};
			};
			buildConfigurationList = F102DD3A1C299025005CA9D4 /* Build configuration list for PBXProject "iOS-Animation学习笔记" */;
			compatibilityVersion = "Xcode 3.2";
			developmentRegion = English;
			hasScannedForEncodings = 0;
			knownRegions = (
				en,
				Base,
			);
			mainGroup = F102DD361C299025005CA9D4;
			productRefGroup = F102DD401C299025005CA9D4 /* Products */;
			projectDirPath = "";
			projectRoot = "";
			targets = (
				F102DD3E1C299025005CA9D4 /* iOS-Animation学习笔记 */,
			);
		};
/* End PBXProject section */

/* Begin PBXResourcesBuildPhase section */
		F102DD3D1C299025005CA9D4 /* Resources */ = {
			isa = PBXResourcesBuildPhase;
			buildActionMask = 2147483647;
			files = (
				F19BE5861CF72E4E007CC46D /* ProgressView.xib in Resources */,
				F102DD4D1C299025005CA9D4 /* LaunchScreen.storyboard in Resources */,
				F14C668A1C4D278A00342D77 /* PingSecondContentView.xib in Resources */,
				F1AE07D51C4B90C50004FA80 /* PingFirstContentView.xib in Resources */,
				F1CB63031CC4C3500007D45C /* SlidingPanels.xcassets in Resources */,
				F102DD4A1C299025005CA9D4 /* Assets.xcassets in Resources */,
				F1023E721C3AAA83004BE13F /* TipCenterView.xib in Resources */,
			);
			runOnlyForDeploymentPostprocessing = 0;
		};
/* End PBXResourcesBuildPhase section */

/* Begin PBXSourcesBuildPhase section */
		F102DD3B1C299025005CA9D4 /* Sources */ = {
			isa = PBXSourcesBuildPhase;
			buildActionMask = 2147483647;
			files = (
				F1023E701C3AAA77004BE13F /* TipCenterView.swift in Sources */,
				F1AE07D71C4BA5F90004FA80 /* PingFirstContentView.swift in Sources */,
				F14CC2601D376A7D00C50107 /* MusicIndicatorViewController.swift in Sources */,
				F17088331C2D8FED00E91EB0 /* LoginButton.swift in Sources */,
				F17B52771C3188EE0010C142 /* LoginTransitions.swift in Sources */,
				F102DD451C299025005CA9D4 /* ViewController.swift in Sources */,
				F14C668C1C4D369000342D77 /* PingTransition.swift in Sources */,
				F14CC25E1D376A5300C50107 /* ActivityIndicatorView.swift in Sources */,
				F14C66881C4D273200342D77 /* PingSecondContentView.swift in Sources */,
				F1023E761C3AAFE7004BE13F /* TipSecondController.swift in Sources */,
				F13A10281C57B4C900E8CE67 /* RoomsViewController.swift in Sources */,
				F1EEB87D1C2AFDE100A1DB27 /* SpringAnimationViewController.swift in Sources */,
				F1CB63071CC4CD6B0007D45C /* Room.swift in Sources */,
				F13C4A631C2D810900F365D1 /* LoginLoadLayer.swift in Sources */,
				F1AE07D91C4BDABC0004FA80 /* PingItemModel.swift in Sources */,
				F102DD431C299025005CA9D4 /* AppDelegate.swift in Sources */,
				F1023E741C3AABFC004BE13F /* TipModel.swift in Sources */,
				F1F997D11C5A58480071023F /* RoomsDetailView.swift in Sources */,
				F13A17091CCF9F6A0014F795 /* JSFirstViewController.swift in Sources */,
				F13A102A1C57B58A00E8CE67 /* RoomCell.swift in Sources */,
				F1F997CF1C5A58260071023F /* RoomsDetailController.swift in Sources */,
				F17088351C2DAF9C00E91EB0 /* LoginSuccessController.swift in Sources */,
				F102DD5E1C299BF2005CA9D4 /* AppConfig.swift in Sources */,
				F13A170D1CCFA39C0014F795 /* JSTransition.swift in Sources */,
				F1DA35651C47880B00051646 /* PingSecondController.swift in Sources */,
				F102DD581C2997EF005CA9D4 /* UIImage+Extension.swift in Sources */,
				F13C4A651C2D819600F365D1 /* UIView+XM.swift in Sources */,
				F1023E6E1C3AAA3C004BE13F /* TipFirstViewController.swift in Sources */,
				F1CB63051CC4C8B60007D45C /* RoomTransition.swift in Sources */,
				F1EEB8801C2AFE0E00A1DB27 /* SplashAnimiationController.swift in Sources */,
				F17088311C2D8EE400E91EB0 /* LoginViewController.swift in Sources */,
				F12415A21C47783800008445 /* PingFirstController.swift in Sources */,
				F13A170B1CCFA0040014F795 /* JSSecondViewController.swift in Sources */,
				F1EEB87E1C2AFDE100A1DB27 /* EmitterViewController.swift in Sources */,
				F19BE5821CF72362007CC46D /* ProgressView.swift in Sources */,
				F19BE5841CF72CE4007CC46D /* ProgressAnimationController.swift in Sources */,
			);
			runOnlyForDeploymentPostprocessing = 0;
		};
/* End PBXSourcesBuildPhase section */

/* Begin PBXVariantGroup section */
		F102DD4B1C299025005CA9D4 /* LaunchScreen.storyboard */ = {
			isa = PBXVariantGroup;
			children = (
				F102DD4C1C299025005CA9D4 /* Base */,
			);
			name = LaunchScreen.storyboard;
			sourceTree = "<group>";
		};
/* End PBXVariantGroup section */

/* Begin XCBuildConfiguration section */
		F102DD4F1C299025005CA9D4 /* Debug */ = {
			isa = XCBuildConfiguration;
			buildSettings = {
				ALWAYS_SEARCH_USER_PATHS = NO;
				CLANG_CXX_LANGUAGE_STANDARD = "gnu++0x";
				CLANG_CXX_LIBRARY = "libc++";
				CLANG_ENABLE_MODULES = YES;
				CLANG_ENABLE_OBJC_ARC = YES;
				CLANG_WARN_BOOL_CONVERSION = YES;
				CLANG_WARN_CONSTANT_CONVERSION = YES;
				CLANG_WARN_DIRECT_OBJC_ISA_USAGE = YES_ERROR;
				CLANG_WARN_EMPTY_BODY = YES;
				CLANG_WARN_ENUM_CONVERSION = YES;
				CLANG_WARN_INT_CONVERSION = YES;
				CLANG_WARN_OBJC_ROOT_CLASS = YES_ERROR;
				CLANG_WARN_UNREACHABLE_CODE = YES;
				CLANG_WARN__DUPLICATE_METHOD_MATCH = YES;
				"CODE_SIGN_IDENTITY[sdk=iphoneos*]" = "iPhone Developer";
				COPY_PHASE_STRIP = NO;
				DEBUG_INFORMATION_FORMAT = dwarf;
				EMBEDDED_CONTENT_CONTAINS_SWIFT = YES;
				ENABLE_STRICT_OBJC_MSGSEND = YES;
				ENABLE_TESTABILITY = YES;
				GCC_C_LANGUAGE_STANDARD = gnu99;
				GCC_DYNAMIC_NO_PIC = NO;
				GCC_NO_COMMON_BLOCKS = YES;
				GCC_OPTIMIZATION_LEVEL = 0;
				GCC_PREPROCESSOR_DEFINITIONS = (
					"DEBUG=1",
					"$(inherited)",
				);
				GCC_WARN_64_TO_32_BIT_CONVERSION = YES;
				GCC_WARN_ABOUT_RETURN_TYPE = YES_ERROR;
				GCC_WARN_UNDECLARED_SELECTOR = YES;
				GCC_WARN_UNINITIALIZED_AUTOS = YES_AGGRESSIVE;
				GCC_WARN_UNUSED_FUNCTION = YES;
				GCC_WARN_UNUSED_VARIABLE = YES;
				IPHONEOS_DEPLOYMENT_TARGET = 9.2;
				MTL_ENABLE_DEBUG_INFO = YES;
				ONLY_ACTIVE_ARCH = YES;
				SDKROOT = iphoneos;
				SWIFT_OPTIMIZATION_LEVEL = "-Onone";
				TARGETED_DEVICE_FAMILY = "1,2";
			};
			name = Debug;
		};
		F102DD501C299025005CA9D4 /* Release */ = {
			isa = XCBuildConfiguration;
			buildSettings = {
				ALWAYS_SEARCH_USER_PATHS = NO;
				CLANG_CXX_LANGUAGE_STANDARD = "gnu++0x";
				CLANG_CXX_LIBRARY = "libc++";
				CLANG_ENABLE_MODULES = YES;
				CLANG_ENABLE_OBJC_ARC = YES;
				CLANG_WARN_BOOL_CONVERSION = YES;
				CLANG_WARN_CONSTANT_CONVERSION = YES;
				CLANG_WARN_DIRECT_OBJC_ISA_USAGE = YES_ERROR;
				CLANG_WARN_EMPTY_BODY = YES;
				CLANG_WARN_ENUM_CONVERSION = YES;
				CLANG_WARN_INT_CONVERSION = YES;
				CLANG_WARN_OBJC_ROOT_CLASS = YES_ERROR;
				CLANG_WARN_UNREACHABLE_CODE = YES;
				CLANG_WARN__DUPLICATE_METHOD_MATCH = YES;
				"CODE_SIGN_IDENTITY[sdk=iphoneos*]" = "iPhone Developer";
				COPY_PHASE_STRIP = NO;
				DEBUG_INFORMATION_FORMAT = "dwarf-with-dsym";
				EMBEDDED_CONTENT_CONTAINS_SWIFT = YES;
				ENABLE_NS_ASSERTIONS = NO;
				ENABLE_STRICT_OBJC_MSGSEND = YES;
				GCC_C_LANGUAGE_STANDARD = gnu99;
				GCC_NO_COMMON_BLOCKS = YES;
				GCC_WARN_64_TO_32_BIT_CONVERSION = YES;
				GCC_WARN_ABOUT_RETURN_TYPE = YES_ERROR;
				GCC_WARN_UNDECLARED_SELECTOR = YES;
				GCC_WARN_UNINITIALIZED_AUTOS = YES_AGGRESSIVE;
				GCC_WARN_UNUSED_FUNCTION = YES;
				GCC_WARN_UNUSED_VARIABLE = YES;
				IPHONEOS_DEPLOYMENT_TARGET = 9.2;
				MTL_ENABLE_DEBUG_INFO = NO;
				SDKROOT = iphoneos;
				TARGETED_DEVICE_FAMILY = "1,2";
				VALIDATE_PRODUCT = YES;
			};
			name = Release;
		};
		F102DD521C299025005CA9D4 /* Debug */ = {
			isa = XCBuildConfiguration;
			buildSettings = {
				ASSETCATALOG_COMPILER_APPICON_NAME = AppIcon;
				CODE_SIGN_IDENTITY = "iPhone Developer";
				EMBEDDED_CONTENT_CONTAINS_SWIFT = YES;
				INFOPLIST_FILE = "iOS-Animation学习笔记/Info.plist";
				LD_RUNPATH_SEARCH_PATHS = "$(inherited) @executable_path/Frameworks";
				PRODUCT_BUNDLE_IDENTIFIER = "com.xiaoming.iOS-Animation----";
				PRODUCT_NAME = "$(TARGET_NAME)";
			};
			name = Debug;
		};
		F102DD531C299025005CA9D4 /* Release */ = {
			isa = XCBuildConfiguration;
			buildSettings = {
				ASSETCATALOG_COMPILER_APPICON_NAME = AppIcon;
				CODE_SIGN_IDENTITY = "iPhone Developer";
				EMBEDDED_CONTENT_CONTAINS_SWIFT = YES;
				INFOPLIST_FILE = "iOS-Animation学习笔记/Info.plist";
				LD_RUNPATH_SEARCH_PATHS = "$(inherited) @executable_path/Frameworks";
				PRODUCT_BUNDLE_IDENTIFIER = "com.xiaoming.iOS-Animation----";
				PRODUCT_NAME = "$(TARGET_NAME)";
			};
			name = Release;
		};
/* End XCBuildConfiguration section */

/* Begin XCConfigurationList section */
		F102DD3A1C299025005CA9D4 /* Build configuration list for PBXProject "iOS-Animation学习笔记" */ = {
			isa = XCConfigurationList;
			buildConfigurations = (
				F102DD4F1C299025005CA9D4 /* Debug */,
				F102DD501C299025005CA9D4 /* Release */,
			);
			defaultConfigurationIsVisible = 0;
			defaultConfigurationName = Release;
		};
		F102DD511C299025005CA9D4 /* Build configuration list for PBXNativeTarget "iOS-Animation学习笔记" */ = {
			isa = XCConfigurationList;
			buildConfigurations = (
				F102DD521C299025005CA9D4 /* Debug */,
				F102DD531C299025005CA9D4 /* Release */,
			);
			defaultConfigurationIsVisible = 0;
			defaultConfigurationName = Release;
		};
/* End XCConfigurationList section */
	};
	rootObject = F102DD371C299025005CA9D4 /* Project object */;
}
